// !$*UTF8*$!
{
	archiveVersion = 1;
	classes = {
	};
	objectVersion = 46;
	objects = {

/* Begin PBXBuildFile section */
		593C66831DCDB50900405F53 /* EarthResultDialog.swift in Sources */ = {isa = PBXBuildFile; fileRef = 593C66821DCDB50900405F53 /* EarthResultDialog.swift */; };
		593C66851DCEAFE000405F53 /* KokuminhogoViewController.swift in Sources */ = {isa = PBXBuildFile; fileRef = 593C66841DCEAFE000405F53 /* KokuminhogoViewController.swift */; };
		593C66871DCEB10100405F53 /* KokuminhogoResultDialog.swift in Sources */ = {isa = PBXBuildFile; fileRef = 593C66861DCEB10100405F53 /* KokuminhogoResultDialog.swift */; };
		593C668D1DCEB31500405F53 /* kokuminhogo1.txt in Resources */ = {isa = PBXBuildFile; fileRef = 593C66881DCEB31500405F53 /* kokuminhogo1.txt */; };
		593C668E1DCEB31500405F53 /* kokuminhogo2.txt in Resources */ = {isa = PBXBuildFile; fileRef = 593C66891DCEB31500405F53 /* kokuminhogo2.txt */; };
		593C668F1DCEB31500405F53 /* kokuminhogo3.txt in Resources */ = {isa = PBXBuildFile; fileRef = 593C668A1DCEB31500405F53 /* kokuminhogo3.txt */; };
		593C66901DCEB31500405F53 /* kokuminhogo4.txt in Resources */ = {isa = PBXBuildFile; fileRef = 593C668B1DCEB31500405F53 /* kokuminhogo4.txt */; };
		593C66911DCEB31500405F53 /* kokuminhogo5.txt in Resources */ = {isa = PBXBuildFile; fileRef = 593C668C1DCEB31500405F53 /* kokuminhogo5.txt */; };
		594CA33A1DF0540200FF8714 /* TyphoonViewController.swift in Sources */ = {isa = PBXBuildFile; fileRef = 594CA3391DF0540200FF8714 /* TyphoonViewController.swift */; };
		594CA33C1DF0567600FF8714 /* TyphoonSelectDialog.swift in Sources */ = {isa = PBXBuildFile; fileRef = 594CA33B1DF0567600FF8714 /* TyphoonSelectDialog.swift */; };
		594CA33E1DF057ED00FF8714 /* TyphoonResultDialog.swift in Sources */ = {isa = PBXBuildFile; fileRef = 594CA33D1DF057ED00FF8714 /* TyphoonResultDialog.swift */; };
		594CA3401DFD87C900FF8714 /* typhoon1.txt in Resources */ = {isa = PBXBuildFile; fileRef = 594CA33F1DFD87C900FF8714 /* typhoon1.txt */; };
		594CA3421E002F8900FF8714 /* TyphoonSelectDialog2.swift in Sources */ = {isa = PBXBuildFile; fileRef = 594CA3411E002F8900FF8714 /* TyphoonSelectDialog2.swift */; };
		594CA3441E017D6E00FF8714 /* TyphoonResultDialog2.swift in Sources */ = {isa = PBXBuildFile; fileRef = 594CA3431E017D6E00FF8714 /* TyphoonResultDialog2.swift */; };
		594DDA491D9747110078EE72 /* caution.txt in Resources */ = {isa = PBXBuildFile; fileRef = 594DDA481D9747110078EE72 /* caution.txt */; };
		594DDA4B1D9F50D40078EE72 /* InfoDialog.swift in Sources */ = {isa = PBXBuildFile; fileRef = 594DDA4A1D9F50D40078EE72 /* InfoDialog.swift */; };
		597FD1161E2113E50011ABB1 /* ViewController.swift in Sources */ = {isa = PBXBuildFile; fileRef = 597FD1151E2113E50011ABB1 /* ViewController.swift */; };
		597FD1181E21DB780011ABB1 /* typhoon_caution.txt in Resources */ = {isa = PBXBuildFile; fileRef = 597FD1171E21DB780011ABB1 /* typhoon_caution.txt */; };
		597FD11A1E21DB820011ABB1 /* kokuminhogo_caution.txt in Resources */ = {isa = PBXBuildFile; fileRef = 597FD1191E21DB820011ABB1 /* kokuminhogo_caution.txt */; };
		597FD11C1E21E44C0011ABB1 /* KinentaiSelectDialog.swift in Sources */ = {isa = PBXBuildFile; fileRef = 597FD11B1E21E44C0011ABB1 /* KinentaiSelectDialog.swift */; };
		597FD11E1E29CD4D0011ABB1 /* KinentaiSelectDialog2.swift in Sources */ = {isa = PBXBuildFile; fileRef = 597FD11D1E29CD4D0011ABB1 /* KinentaiSelectDialog2.swift */; };
		597FD1201E2A7AAA0011ABB1 /* CustomUICollectionViewCell.swift in Sources */ = {isa = PBXBuildFile; fileRef = 597FD11F1E2A7AAA0011ABB1 /* CustomUICollectionViewCell.swift */; };
		597FD1221E2B1F4F0011ABB1 /* KinentaiResultDialog.swift in Sources */ = {isa = PBXBuildFile; fileRef = 597FD1211E2B1F4F0011ABB1 /* KinentaiResultDialog.swift */; };
		597FD1241E2B210C0011ABB1 /* riku7.csv in Resources */ = {isa = PBXBuildFile; fileRef = 597FD1231E2B210C0011ABB1 /* riku7.csv */; };
		597FD1281E2BB4080011ABB1 /* otsunami.csv in Resources */ = {isa = PBXBuildFile; fileRef = 597FD1251E2BB4080011ABB1 /* otsunami.csv */; };
		597FD1291E2BB4080011ABB1 /* riku6strong.csv in Resources */ = {isa = PBXBuildFile; fileRef = 597FD1261E2BB4080011ABB1 /* riku6strong.csv */; };
		597FD12A1E2BB4080011ABB1 /* riku6weak.csv in Resources */ = {isa = PBXBuildFile; fileRef = 597FD1271E2BB4080011ABB1 /* riku6weak.csv */; };
		597FD1301E2BB4340011ABB1 /* hunka.csv in Resources */ = {isa = PBXBuildFile; fileRef = 597FD12B1E2BB4340011ABB1 /* hunka.csv */; };
		597FD1311E2BB4340011ABB1 /* kaiiki6strong.csv in Resources */ = {isa = PBXBuildFile; fileRef = 597FD12C1E2BB4340011ABB1 /* kaiiki6strong.csv */; };
		597FD1321E2BB4340011ABB1 /* kaiiki6weak.csv in Resources */ = {isa = PBXBuildFile; fileRef = 597FD12D1E2BB4340011ABB1 /* kaiiki6weak.csv */; };
		597FD1331E2BB4340011ABB1 /* kaiiki7.csv in Resources */ = {isa = PBXBuildFile; fileRef = 597FD12E1E2BB4340011ABB1 /* kaiiki7.csv */; };
		597FD1341E2BB4340011ABB1 /* nbc.csv in Resources */ = {isa = PBXBuildFile; fileRef = 597FD12F1E2BB4340011ABB1 /* nbc.csv */; };
		597FD1361E2D0F0E0011ABB1 /* kinentai_tounankai.txt in Resources */ = {isa = PBXBuildFile; fileRef = 597FD1351E2D0F0E0011ABB1 /* kinentai_tounankai.txt */; };
		597FD1381E2D0F150011ABB1 /* kinentai_syutochokka.txt in Resources */ = {isa = PBXBuildFile; fileRef = 597FD1371E2D0F150011ABB1 /* kinentai_syutochokka.txt */; };
		597FD13A1E2D0F1F0011ABB1 /* kinentai_toukai.txt in Resources */ = {isa = PBXBuildFile; fileRef = 597FD1391E2D0F1F0011ABB1 /* kinentai_toukai.txt */; };
		597FD13C1E2D0F550011ABB1 /* kinentai_nankaitraf.txt in Resources */ = {isa = PBXBuildFile; fileRef = 597FD13B1E2D0F550011ABB1 /* kinentai_nankaitraf.txt */; };
		597FD13E1E2D0F620011ABB1 /* kinentai_nankaitraf2.txt in Resources */ = {isa = PBXBuildFile; fileRef = 597FD13D1E2D0F620011ABB1 /* kinentai_nankaitraf2.txt */; };
		597FD1401E2EF3CF0011ABB1 /* KinentaiNankaitraf1.swift in Sources */ = {isa = PBXBuildFile; fileRef = 597FD13F1E2EF3CF0011ABB1 /* KinentaiNankaitraf1.swift */; };
		597FD1421E2EF3EA0011ABB1 /* KinentaiNankaitraf2.swift in Sources */ = {isa = PBXBuildFile; fileRef = 597FD1411E2EF3EA0011ABB1 /* KinentaiNankaitraf2.swift */; };
		597FD1441E2EFC290011ABB1 /* nankaitraf_case2.txt in Resources */ = {isa = PBXBuildFile; fileRef = 597FD1431E2EFC290011ABB1 /* nankaitraf_case2.txt */; };
		597FD1461E2F053F0011ABB1 /* BousainetDialog.swift in Sources */ = {isa = PBXBuildFile; fileRef = 597FD1451E2F053F0011ABB1 /* BousainetDialog.swift */; };
		597FD1481E33218B0011ABB1 /* ContactViewController.swift in Sources */ = {isa = PBXBuildFile; fileRef = 597FD1471E33218B0011ABB1 /* ContactViewController.swift */; };
		597FD14A1E3329E00011ABB1 /* ContactLoadDialog.swift in Sources */ = {isa = PBXBuildFile; fileRef = 597FD1491E3329E00011ABB1 /* ContactLoadDialog.swift */; };
		598AC8DF1D850AE6006842C8 /* AppDelegate.swift in Sources */ = {isa = PBXBuildFile; fileRef = 598AC8DE1D850AE6006842C8 /* AppDelegate.swift */; };
		598AC8E11D850AE6006842C8 /* KinentaiViewController.swift in Sources */ = {isa = PBXBuildFile; fileRef = 598AC8E01D850AE6006842C8 /* KinentaiViewController.swift */; };
		598AC8E41D850AE6006842C8 /* Main.storyboard in Resources */ = {isa = PBXBuildFile; fileRef = 598AC8E21D850AE6006842C8 /* Main.storyboard */; };
		598AC8E71D850AE6006842C8 /* FireEmergency.xcdatamodeld in Sources */ = {isa = PBXBuildFile; fileRef = 598AC8E51D850AE6006842C8 /* FireEmergency.xcdatamodeld */; };
		598AC8E91D850AE6006842C8 /* Assets.xcassets in Resources */ = {isa = PBXBuildFile; fileRef = 598AC8E81D850AE6006842C8 /* Assets.xcassets */; };
		598AC8EC1D850AE6006842C8 /* LaunchScreen.storyboard in Resources */ = {isa = PBXBuildFile; fileRef = 598AC8EA1D850AE6006842C8 /* LaunchScreen.storyboard */; };
		598AC8F41D8512F3006842C8 /* DataViewController.swift in Sources */ = {isa = PBXBuildFile; fileRef = 598AC8F31D8512F3006842C8 /* DataViewController.swift */; };
		59EC66EC1DA0B3C300A95067 /* EarthSelectDialog.swift in Sources */ = {isa = PBXBuildFile; fileRef = 59EC66EB1DA0B3C300A95067 /* EarthSelectDialog.swift */; };
/* End PBXBuildFile section */

/* Begin PBXFileReference section */
		593C66821DCDB50900405F53 /* EarthResultDialog.swift */ = {isa = PBXFileReference; fileEncoding = 4; lastKnownFileType = sourcecode.swift; path = EarthResultDialog.swift; sourceTree = "<group>"; };
		593C66841DCEAFE000405F53 /* KokuminhogoViewController.swift */ = {isa = PBXFileReference; fileEncoding = 4; lastKnownFileType = sourcecode.swift; path = KokuminhogoViewController.swift; sourceTree = "<group>"; };
		593C66861DCEB10100405F53 /* KokuminhogoResultDialog.swift */ = {isa = PBXFileReference; fileEncoding = 4; lastKnownFileType = sourcecode.swift; path = KokuminhogoResultDialog.swift; sourceTree = "<group>"; };
		593C66881DCEB31500405F53 /* kokuminhogo1.txt */ = {isa = PBXFileReference; fileEncoding = 4; lastKnownFileType = text; path = kokuminhogo1.txt; sourceTree = "<group>"; };
		593C66891DCEB31500405F53 /* kokuminhogo2.txt */ = {isa = PBXFileReference; fileEncoding = 4; lastKnownFileType = text; path = kokuminhogo2.txt; sourceTree = "<group>"; };
		593C668A1DCEB31500405F53 /* kokuminhogo3.txt */ = {isa = PBXFileReference; fileEncoding = 4; lastKnownFileType = text; path = kokuminhogo3.txt; sourceTree = "<group>"; };
		593C668B1DCEB31500405F53 /* kokuminhogo4.txt */ = {isa = PBXFileReference; fileEncoding = 4; lastKnownFileType = text; path = kokuminhogo4.txt; sourceTree = "<group>"; };
		593C668C1DCEB31500405F53 /* kokuminhogo5.txt */ = {isa = PBXFileReference; fileEncoding = 4; lastKnownFileType = text; path = kokuminhogo5.txt; sourceTree = "<group>"; };
		594CA3391DF0540200FF8714 /* TyphoonViewController.swift */ = {isa = PBXFileReference; fileEncoding = 4; lastKnownFileType = sourcecode.swift; path = TyphoonViewController.swift; sourceTree = "<group>"; };
		594CA33B1DF0567600FF8714 /* TyphoonSelectDialog.swift */ = {isa = PBXFileReference; fileEncoding = 4; lastKnownFileType = sourcecode.swift; path = TyphoonSelectDialog.swift; sourceTree = "<group>"; };
		594CA33D1DF057ED00FF8714 /* TyphoonResultDialog.swift */ = {isa = PBXFileReference; fileEncoding = 4; lastKnownFileType = sourcecode.swift; path = TyphoonResultDialog.swift; sourceTree = "<group>"; };
		594CA33F1DFD87C900FF8714 /* typhoon1.txt */ = {isa = PBXFileReference; fileEncoding = 4; lastKnownFileType = text; path = typhoon1.txt; sourceTree = "<group>"; };
		594CA3411E002F8900FF8714 /* TyphoonSelectDialog2.swift */ = {isa = PBXFileReference; fileEncoding = 4; lastKnownFileType = sourcecode.swift; path = TyphoonSelectDialog2.swift; sourceTree = "<group>"; };
		594CA3431E017D6E00FF8714 /* TyphoonResultDialog2.swift */ = {isa = PBXFileReference; fileEncoding = 4; lastKnownFileType = sourcecode.swift; path = TyphoonResultDialog2.swift; sourceTree = "<group>"; };
		594DDA481D9747110078EE72 /* caution.txt */ = {isa = PBXFileReference; fileEncoding = 4; lastKnownFileType = text; path = caution.txt; sourceTree = "<group>"; };
		594DDA4A1D9F50D40078EE72 /* InfoDialog.swift */ = {isa = PBXFileReference; fileEncoding = 4; lastKnownFileType = sourcecode.swift; path = InfoDialog.swift; sourceTree = "<group>"; };
		597FD1151E2113E50011ABB1 /* ViewController.swift */ = {isa = PBXFileReference; fileEncoding = 4; lastKnownFileType = sourcecode.swift; path = ViewController.swift; sourceTree = "<group>"; };
		597FD1171E21DB780011ABB1 /* typhoon_caution.txt */ = {isa = PBXFileReference; fileEncoding = 4; lastKnownFileType = text; path = typhoon_caution.txt; sourceTree = "<group>"; };
		597FD1191E21DB820011ABB1 /* kokuminhogo_caution.txt */ = {isa = PBXFileReference; fileEncoding = 4; lastKnownFileType = text; path = kokuminhogo_caution.txt; sourceTree = "<group>"; };
		597FD11B1E21E44C0011ABB1 /* KinentaiSelectDialog.swift */ = {isa = PBXFileReference; fileEncoding = 4; lastKnownFileType = sourcecode.swift; path = KinentaiSelectDialog.swift; sourceTree = "<group>"; };
		597FD11D1E29CD4D0011ABB1 /* KinentaiSelectDialog2.swift */ = {isa = PBXFileReference; fileEncoding = 4; lastKnownFileType = sourcecode.swift; path = KinentaiSelectDialog2.swift; sourceTree = "<group>"; };
		597FD11F1E2A7AAA0011ABB1 /* CustomUICollectionViewCell.swift */ = {isa = PBXFileReference; fileEncoding = 4; lastKnownFileType = sourcecode.swift; path = CustomUICollectionViewCell.swift; sourceTree = "<group>"; };
		597FD1211E2B1F4F0011ABB1 /* KinentaiResultDialog.swift */ = {isa = PBXFileReference; fileEncoding = 4; lastKnownFileType = sourcecode.swift; path = KinentaiResultDialog.swift; sourceTree = "<group>"; };
		597FD1231E2B210C0011ABB1 /* riku7.csv */ = {isa = PBXFileReference; fileEncoding = 4; lastKnownFileType = text; path = riku7.csv; sourceTree = "<group>"; };
		597FD1251E2BB4080011ABB1 /* otsunami.csv */ = {isa = PBXFileReference; fileEncoding = 4; lastKnownFileType = text; path = otsunami.csv; sourceTree = "<group>"; };
		597FD1261E2BB4080011ABB1 /* riku6strong.csv */ = {isa = PBXFileReference; fileEncoding = 4; lastKnownFileType = text; path = riku6strong.csv; sourceTree = "<group>"; };
		597FD1271E2BB4080011ABB1 /* riku6weak.csv */ = {isa = PBXFileReference; fileEncoding = 4; lastKnownFileType = text; path = riku6weak.csv; sourceTree = "<group>"; };
		597FD12B1E2BB4340011ABB1 /* hunka.csv */ = {isa = PBXFileReference; fileEncoding = 4; lastKnownFileType = text; path = hunka.csv; sourceTree = "<group>"; };
		597FD12C1E2BB4340011ABB1 /* kaiiki6strong.csv */ = {isa = PBXFileReference; fileEncoding = 4; lastKnownFileType = text; path = kaiiki6strong.csv; sourceTree = "<group>"; };
		597FD12D1E2BB4340011ABB1 /* kaiiki6weak.csv */ = {isa = PBXFileReference; fileEncoding = 4; lastKnownFileType = text; path = kaiiki6weak.csv; sourceTree = "<group>"; };
		597FD12E1E2BB4340011ABB1 /* kaiiki7.csv */ = {isa = PBXFileReference; fileEncoding = 4; lastKnownFileType = text; path = kaiiki7.csv; sourceTree = "<group>"; };
		597FD12F1E2BB4340011ABB1 /* nbc.csv */ = {isa = PBXFileReference; fileEncoding = 4; lastKnownFileType = text; path = nbc.csv; sourceTree = "<group>"; };
		597FD1351E2D0F0E0011ABB1 /* kinentai_tounankai.txt */ = {isa = PBXFileReference; fileEncoding = 4; lastKnownFileType = text; path = kinentai_tounankai.txt; sourceTree = "<group>"; };
		597FD1371E2D0F150011ABB1 /* kinentai_syutochokka.txt */ = {isa = PBXFileReference; fileEncoding = 4; lastKnownFileType = text; path = kinentai_syutochokka.txt; sourceTree = "<group>"; };
		597FD1391E2D0F1F0011ABB1 /* kinentai_toukai.txt */ = {isa = PBXFileReference; fileEncoding = 4; lastKnownFileType = text; path = kinentai_toukai.txt; sourceTree = "<group>"; };
		597FD13B1E2D0F550011ABB1 /* kinentai_nankaitraf.txt */ = {isa = PBXFileReference; fileEncoding = 4; lastKnownFileType = text; path = kinentai_nankaitraf.txt; sourceTree = "<group>"; };
		597FD13D1E2D0F620011ABB1 /* kinentai_nankaitraf2.txt */ = {isa = PBXFileReference; fileEncoding = 4; lastKnownFileType = text; path = kinentai_nankaitraf2.txt; sourceTree = "<group>"; };
		597FD13F1E2EF3CF0011ABB1 /* KinentaiNankaitraf1.swift */ = {isa = PBXFileReference; fileEncoding = 4; lastKnownFileType = sourcecode.swift; path = KinentaiNankaitraf1.swift; sourceTree = "<group>"; };
		597FD1411E2EF3EA0011ABB1 /* KinentaiNankaitraf2.swift */ = {isa = PBXFileReference; fileEncoding = 4; lastKnownFileType = sourcecode.swift; path = KinentaiNankaitraf2.swift; sourceTree = "<group>"; };
		597FD1431E2EFC290011ABB1 /* nankaitraf_case2.txt */ = {isa = PBXFileReference; fileEncoding = 4; lastKnownFileType = text; path = nankaitraf_case2.txt; sourceTree = "<group>"; };
		597FD1451E2F053F0011ABB1 /* BousainetDialog.swift */ = {isa = PBXFileReference; fileEncoding = 4; lastKnownFileType = sourcecode.swift; path = BousainetDialog.swift; sourceTree = "<group>"; };
		597FD1471E33218B0011ABB1 /* ContactViewController.swift */ = {isa = PBXFileReference; fileEncoding = 4; lastKnownFileType = sourcecode.swift; path = ContactViewController.swift; sourceTree = "<group>"; };
		597FD1491E3329E00011ABB1 /* ContactLoadDialog.swift */ = {isa = PBXFileReference; fileEncoding = 4; lastKnownFileType = sourcecode.swift; path = ContactLoadDialog.swift; sourceTree = "<group>"; };
		598AC8DB1D850AE6006842C8 /* FireEmergency.app */ = {isa = PBXFileReference; explicitFileType = wrapper.application; includeInIndex = 0; path = FireEmergency.app; sourceTree = BUILT_PRODUCTS_DIR; };
		598AC8DE1D850AE6006842C8 /* AppDelegate.swift */ = {isa = PBXFileReference; lastKnownFileType = sourcecode.swift; path = AppDelegate.swift; sourceTree = "<group>"; };
		598AC8E01D850AE6006842C8 /* KinentaiViewController.swift */ = {isa = PBXFileReference; lastKnownFileType = sourcecode.swift; path = KinentaiViewController.swift; sourceTree = "<group>"; };
		598AC8E31D850AE6006842C8 /* Base */ = {isa = PBXFileReference; lastKnownFileType = file.storyboard; name = Base; path = Base.lproj/Main.storyboard; sourceTree = "<group>"; };
		598AC8E61D850AE6006842C8 /* FireEmergency.xcdatamodel */ = {isa = PBXFileReference; lastKnownFileType = wrapper.xcdatamodel; path = FireEmergency.xcdatamodel; sourceTree = "<group>"; };
		598AC8E81D850AE6006842C8 /* Assets.xcassets */ = {isa = PBXFileReference; lastKnownFileType = folder.assetcatalog; path = Assets.xcassets; sourceTree = "<group>"; };
		598AC8EB1D850AE6006842C8 /* Base */ = {isa = PBXFileReference; lastKnownFileType = file.storyboard; name = Base; path = Base.lproj/LaunchScreen.storyboard; sourceTree = "<group>"; };
		598AC8ED1D850AE6006842C8 /* Info.plist */ = {isa = PBXFileReference; lastKnownFileType = text.plist.xml; path = Info.plist; sourceTree = "<group>"; };
		598AC8F31D8512F3006842C8 /* DataViewController.swift */ = {isa = PBXFileReference; fileEncoding = 4; lastKnownFileType = sourcecode.swift; path = DataViewController.swift; sourceTree = "<group>"; };
		59EC66EB1DA0B3C300A95067 /* EarthSelectDialog.swift */ = {isa = PBXFileReference; fileEncoding = 4; lastKnownFileType = sourcecode.swift; path = EarthSelectDialog.swift; sourceTree = "<group>"; };
/* End PBXFileReference section */

/* Begin PBXFrameworksBuildPhase section */
		598AC8D81D850AE6006842C8 /* Frameworks */ = {
			isa = PBXFrameworksBuildPhase;
			buildActionMask = 2147483647;
			files = (
			);
			runOnlyForDeploymentPostprocessing = 0;
		};
/* End PBXFrameworksBuildPhase section */

/* Begin PBXGroup section */
		598AC8D21D850AE6006842C8 = {
			isa = PBXGroup;
			children = (
				598AC8DD1D850AE6006842C8 /* FireEmergency */,
				598AC8DC1D850AE6006842C8 /* Products */,
			);
			sourceTree = "<group>";
		};
		598AC8DC1D850AE6006842C8 /* Products */ = {
			isa = PBXGroup;
			children = (
				598AC8DB1D850AE6006842C8 /* FireEmergency.app */,
			);
			name = Products;
			sourceTree = "<group>";
		};
		598AC8DD1D850AE6006842C8 /* FireEmergency */ = {
			isa = PBXGroup;
			children = (
				597FD1391E2D0F1F0011ABB1 /* kinentai_toukai.txt */,
				597FD1371E2D0F150011ABB1 /* kinentai_syutochokka.txt */,
				597FD1351E2D0F0E0011ABB1 /* kinentai_tounankai.txt */,
				597FD1431E2EFC290011ABB1 /* nankaitraf_case2.txt */,
				597FD13B1E2D0F550011ABB1 /* kinentai_nankaitraf.txt */,
				597FD13D1E2D0F620011ABB1 /* kinentai_nankaitraf2.txt */,
				597FD12B1E2BB4340011ABB1 /* hunka.csv */,
				597FD12C1E2BB4340011ABB1 /* kaiiki6strong.csv */,
				597FD12D1E2BB4340011ABB1 /* kaiiki6weak.csv */,
				597FD12E1E2BB4340011ABB1 /* kaiiki7.csv */,
				597FD12F1E2BB4340011ABB1 /* nbc.csv */,
				597FD1251E2BB4080011ABB1 /* otsunami.csv */,
				597FD1261E2BB4080011ABB1 /* riku6strong.csv */,
				597FD1271E2BB4080011ABB1 /* riku6weak.csv */,
				597FD1231E2B210C0011ABB1 /* riku7.csv */,
				594CA33F1DFD87C900FF8714 /* typhoon1.txt */,
				593C66881DCEB31500405F53 /* kokuminhogo1.txt */,
				593C66891DCEB31500405F53 /* kokuminhogo2.txt */,
				593C668A1DCEB31500405F53 /* kokuminhogo3.txt */,
				593C668B1DCEB31500405F53 /* kokuminhogo4.txt */,
				593C668C1DCEB31500405F53 /* kokuminhogo5.txt */,
				594DDA481D9747110078EE72 /* caution.txt */,
				597FD1171E21DB780011ABB1 /* typhoon_caution.txt */,
				597FD1191E21DB820011ABB1 /* kokuminhogo_caution.txt */,
				598AC8DE1D850AE6006842C8 /* AppDelegate.swift */,
				597FD1151E2113E50011ABB1 /* ViewController.swift */,
				59EC66EB1DA0B3C300A95067 /* EarthSelectDialog.swift */,
				593C66821DCDB50900405F53 /* EarthResultDialog.swift */,
				594CA3391DF0540200FF8714 /* TyphoonViewController.swift */,
				594CA33B1DF0567600FF8714 /* TyphoonSelectDialog.swift */,
				594CA3411E002F8900FF8714 /* TyphoonSelectDialog2.swift */,
				594CA33D1DF057ED00FF8714 /* TyphoonResultDialog.swift */,
				594CA3431E017D6E00FF8714 /* TyphoonResultDialog2.swift */,
				593C66841DCEAFE000405F53 /* KokuminhogoViewController.swift */,
				593C66861DCEB10100405F53 /* KokuminhogoResultDialog.swift */,
				598AC8E01D850AE6006842C8 /* KinentaiViewController.swift */,
				597FD11B1E21E44C0011ABB1 /* KinentaiSelectDialog.swift */,
				597FD11D1E29CD4D0011ABB1 /* KinentaiSelectDialog2.swift */,
				597FD13F1E2EF3CF0011ABB1 /* KinentaiNankaitraf1.swift */,
				597FD1411E2EF3EA0011ABB1 /* KinentaiNankaitraf2.swift */,
				597FD1211E2B1F4F0011ABB1 /* KinentaiResultDialog.swift */,
				597FD11F1E2A7AAA0011ABB1 /* CustomUICollectionViewCell.swift */,
				598AC8F31D8512F3006842C8 /* DataViewController.swift */,
				597FD1471E33218B0011ABB1 /* ContactViewController.swift */,
				597FD1491E3329E00011ABB1 /* ContactLoadDialog.swift */,
				594DDA4A1D9F50D40078EE72 /* InfoDialog.swift */,
				597FD1451E2F053F0011ABB1 /* BousainetDialog.swift */,
				598AC8E21D850AE6006842C8 /* Main.storyboard */,
				598AC8E81D850AE6006842C8 /* Assets.xcassets */,
				598AC8EA1D850AE6006842C8 /* LaunchScreen.storyboard */,
				598AC8ED1D850AE6006842C8 /* Info.plist */,
				598AC8E51D850AE6006842C8 /* FireEmergency.xcdatamodeld */,
			);
			path = FireEmergency;
			sourceTree = "<group>";
		};
/* End PBXGroup section */

/* Begin PBXNativeTarget section */
		598AC8DA1D850AE6006842C8 /* FireEmergency */ = {
			isa = PBXNativeTarget;
			buildConfigurationList = 598AC8F01D850AE6006842C8 /* Build configuration list for PBXNativeTarget "FireEmergency" */;
			buildPhases = (
				598AC8D71D850AE6006842C8 /* Sources */,
				598AC8D81D850AE6006842C8 /* Frameworks */,
				598AC8D91D850AE6006842C8 /* Resources */,
			);
			buildRules = (
			);
			dependencies = (
			);
			name = FireEmergency;
			productName = FireEmergency;
			productReference = 598AC8DB1D850AE6006842C8 /* FireEmergency.app */;
			productType = "com.apple.product-type.application";
		};
/* End PBXNativeTarget section */

/* Begin PBXProject section */
		598AC8D31D850AE6006842C8 /* Project object */ = {
			isa = PBXProject;
			attributes = {
				LastSwiftUpdateCheck = 0730;
				LastUpgradeCheck = 0730;
				ORGANIZATIONNAME = "tadakazu nakamichi";
				TargetAttributes = {
					598AC8DA1D850AE6006842C8 = {
						CreatedOnToolsVersion = 7.3;
						DevelopmentTeam = X7TZM2569N;
					};
				};
			};
			buildConfigurationList = 598AC8D61D850AE6006842C8 /* Build configuration list for PBXProject "FireEmergency" */;
			compatibilityVersion = "Xcode 3.2";
			developmentRegion = English;
			hasScannedForEncodings = 0;
			knownRegions = (
				en,
				Base,
			);
			mainGroup = 598AC8D21D850AE6006842C8;
			productRefGroup = 598AC8DC1D850AE6006842C8 /* Products */;
			projectDirPath = "";
			projectRoot = "";
			targets = (
				598AC8DA1D850AE6006842C8 /* FireEmergency */,
			);
		};
/* End PBXProject section */

/* Begin PBXResourcesBuildPhase section */
		598AC8D91D850AE6006842C8 /* Resources */ = {
			isa = PBXResourcesBuildPhase;
			buildActionMask = 2147483647;
			files = (
				597FD1361E2D0F0E0011ABB1 /* kinentai_tounankai.txt in Resources */,
				597FD1341E2BB4340011ABB1 /* nbc.csv in Resources */,
				597FD12A1E2BB4080011ABB1 /* riku6weak.csv in Resources */,
				594DDA491D9747110078EE72 /* caution.txt in Resources */,
				597FD1331E2BB4340011ABB1 /* kaiiki7.csv in Resources */,
				593C668D1DCEB31500405F53 /* kokuminhogo1.txt in Resources */,
				593C66911DCEB31500405F53 /* kokuminhogo5.txt in Resources */,
				598AC8EC1D850AE6006842C8 /* LaunchScreen.storyboard in Resources */,
				598AC8E91D850AE6006842C8 /* Assets.xcassets in Resources */,
				597FD13E1E2D0F620011ABB1 /* kinentai_nankaitraf2.txt in Resources */,
				593C668F1DCEB31500405F53 /* kokuminhogo3.txt in Resources */,
				594CA3401DFD87C900FF8714 /* typhoon1.txt in Resources */,
				597FD1321E2BB4340011ABB1 /* kaiiki6weak.csv in Resources */,
				597FD1181E21DB780011ABB1 /* typhoon_caution.txt in Resources */,
				597FD1441E2EFC290011ABB1 /* nankaitraf_case2.txt in Resources */,
				593C66901DCEB31500405F53 /* kokuminhogo4.txt in Resources */,
				597FD13C1E2D0F550011ABB1 /* kinentai_nankaitraf.txt in Resources */,
				598AC8E41D850AE6006842C8 /* Main.storyboard in Resources */,
				597FD11A1E21DB820011ABB1 /* kokuminhogo_caution.txt in Resources */,
				597FD13A1E2D0F1F0011ABB1 /* kinentai_toukai.txt in Resources */,
				597FD1311E2BB4340011ABB1 /* kaiiki6strong.csv in Resources */,
				597FD1291E2BB4080011ABB1 /* riku6strong.csv in Resources */,
				597FD1241E2B210C0011ABB1 /* riku7.csv in Resources */,
				597FD1301E2BB4340011ABB1 /* hunka.csv in Resources */,
				597FD1281E2BB4080011ABB1 /* otsunami.csv in Resources */,
				593C668E1DCEB31500405F53 /* kokuminhogo2.txt in Resources */,
				597FD1381E2D0F150011ABB1 /* kinentai_syutochokka.txt in Resources */,
			);
			runOnlyForDeploymentPostprocessing = 0;
		};
/* End PBXResourcesBuildPhase section */

/* Begin PBXSourcesBuildPhase section */
		598AC8D71D850AE6006842C8 /* Sources */ = {
			isa = PBXSourcesBuildPhase;
			buildActionMask = 2147483647;
			files = (
				594CA33E1DF057ED00FF8714 /* TyphoonResultDialog.swift in Sources */,
				597FD1221E2B1F4F0011ABB1 /* KinentaiResultDialog.swift in Sources */,
				594DDA4B1D9F50D40078EE72 /* InfoDialog.swift in Sources */,
				597FD1201E2A7AAA0011ABB1 /* CustomUICollectionViewCell.swift in Sources */,
				594CA33C1DF0567600FF8714 /* TyphoonSelectDialog.swift in Sources */,
				598AC8F41D8512F3006842C8 /* DataViewController.swift in Sources */,
				597FD1461E2F053F0011ABB1 /* BousainetDialog.swift in Sources */,
				594CA33A1DF0540200FF8714 /* TyphoonViewController.swift in Sources */,
				597FD11E1E29CD4D0011ABB1 /* KinentaiSelectDialog2.swift in Sources */,
				594CA3441E017D6E00FF8714 /* TyphoonResultDialog2.swift in Sources */,
				597FD1421E2EF3EA0011ABB1 /* KinentaiNankaitraf2.swift in Sources */,
				593C66831DCDB50900405F53 /* EarthResultDialog.swift in Sources */,
				598AC8E11D850AE6006842C8 /* KinentaiViewController.swift in Sources */,
				597FD11C1E21E44C0011ABB1 /* KinentaiSelectDialog.swift in Sources */,
				597FD14A1E3329E00011ABB1 /* ContactLoadDialog.swift in Sources */,
				597FD1481E33218B0011ABB1 /* ContactViewController.swift in Sources */,
				598AC8DF1D850AE6006842C8 /* AppDelegate.swift in Sources */,
				593C66851DCEAFE000405F53 /* KokuminhogoViewController.swift in Sources */,
				593C66871DCEB10100405F53 /* KokuminhogoResultDialog.swift in Sources */,
				597FD1401E2EF3CF0011ABB1 /* KinentaiNankaitraf1.swift in Sources */,
				597FD1161E2113E50011ABB1 /* ViewController.swift in Sources */,
				594CA3421E002F8900FF8714 /* TyphoonSelectDialog2.swift in Sources */,
				598AC8E71D850AE6006842C8 /* FireEmergency.xcdatamodeld in Sources */,
				59EC66EC1DA0B3C300A95067 /* EarthSelectDialog.swift in Sources */,
			);
			runOnlyForDeploymentPostprocessing = 0;
		};
/* End PBXSourcesBuildPhase section */

/* Begin PBXVariantGroup section */
		598AC8E21D850AE6006842C8 /* Main.storyboard */ = {
			isa = PBXVariantGroup;
			children = (
				598AC8E31D850AE6006842C8 /* Base */,
			);
			name = Main.storyboard;
			sourceTree = "<group>";
		};
		598AC8EA1D850AE6006842C8 /* LaunchScreen.storyboard */ = {
			isa = PBXVariantGroup;
			children = (
				598AC8EB1D850AE6006842C8 /* Base */,
			);
			name = LaunchScreen.storyboard;
			sourceTree = "<group>";
		};
/* End PBXVariantGroup section */

/* Begin XCBuildConfiguration section */
		598AC8EE1D850AE6006842C8 /* Debug */ = {
			isa = XCBuildConfiguration;
			buildSettings = {
				ALWAYS_SEARCH_USER_PATHS = NO;
				CLANG_ANALYZER_NONNULL = YES;
				CLANG_CXX_LANGUAGE_STANDARD = "gnu++0x";
				CLANG_CXX_LIBRARY = "libc++";
				CLANG_ENABLE_MODULES = YES;
				CLANG_ENABLE_OBJC_ARC = YES;
				CLANG_WARN_BOOL_CONVERSION = YES;
				CLANG_WARN_CONSTANT_CONVERSION = YES;
				CLANG_WARN_DIRECT_OBJC_ISA_USAGE = YES_ERROR;
				CLANG_WARN_EMPTY_BODY = YES;
				CLANG_WARN_ENUM_CONVERSION = YES;
				CLANG_WARN_INT_CONVERSION = YES;
				CLANG_WARN_OBJC_ROOT_CLASS = YES_ERROR;
				CLANG_WARN_UNREACHABLE_CODE = YES;
				CLANG_WARN__DUPLICATE_METHOD_MATCH = YES;
				CODE_SIGN_IDENTITY = "iPhone Developer";
				"CODE_SIGN_IDENTITY[sdk=iphoneos*]" = "iPhone Developer";
				COPY_PHASE_STRIP = NO;
				DEBUG_INFORMATION_FORMAT = dwarf;
				ENABLE_STRICT_OBJC_MSGSEND = YES;
				ENABLE_TESTABILITY = YES;
				GCC_C_LANGUAGE_STANDARD = gnu99;
				GCC_DYNAMIC_NO_PIC = NO;
				GCC_NO_COMMON_BLOCKS = YES;
				GCC_OPTIMIZATION_LEVEL = 0;
				GCC_PREPROCESSOR_DEFINITIONS = (
					"DEBUG=1",
					"$(inherited)",
				);
				GCC_WARN_64_TO_32_BIT_CONVERSION = YES;
				GCC_WARN_ABOUT_RETURN_TYPE = YES_ERROR;
				GCC_WARN_UNDECLARED_SELECTOR = YES;
				GCC_WARN_UNINITIALIZED_AUTOS = YES_AGGRESSIVE;
				GCC_WARN_UNUSED_FUNCTION = YES;
				GCC_WARN_UNUSED_VARIABLE = YES;
				IPHONEOS_DEPLOYMENT_TARGET = 8.0;
				MTL_ENABLE_DEBUG_INFO = YES;
				ONLY_ACTIVE_ARCH = YES;
				SDKROOT = iphoneos;
				SWIFT_OBJC_BRIDGING_HEADER = "";
				SWIFT_OPTIMIZATION_LEVEL = "-Onone";
				TARGETED_DEVICE_FAMILY = "1,2";
			};
			name = Debug;
		};
		598AC8EF1D850AE6006842C8 /* Release */ = {
			isa = XCBuildConfiguration;
			buildSettings = {
				ALWAYS_SEARCH_USER_PATHS = NO;
				CLANG_ANALYZER_NONNULL = YES;
				CLANG_CXX_LANGUAGE_STANDARD = "gnu++0x";
				CLANG_CXX_LIBRARY = "libc++";
				CLANG_ENABLE_MODULES = YES;
				CLANG_ENABLE_OBJC_ARC = YES;
				CLANG_WARN_BOOL_CONVERSION = YES;
				CLANG_WARN_CONSTANT_CONVERSION = YES;
				CLANG_WARN_DIRECT_OBJC_ISA_USAGE = YES_ERROR;
				CLANG_WARN_EMPTY_BODY = YES;
				CLANG_WARN_ENUM_CONVERSION = YES;
				CLANG_WARN_INT_CONVERSION = YES;
				CLANG_WARN_OBJC_ROOT_CLASS = YES_ERROR;
				CLANG_WARN_UNREACHABLE_CODE = YES;
				CLANG_WARN__DUPLICATE_METHOD_MATCH = YES;
				CODE_SIGN_IDENTITY = "iPhone Developer";
				"CODE_SIGN_IDENTITY[sdk=iphoneos*]" = "iPhone Developer";
				COPY_PHASE_STRIP = NO;
				DEBUG_INFORMATION_FORMAT = "dwarf-with-dsym";
				ENABLE_NS_ASSERTIONS = NO;
				ENABLE_STRICT_OBJC_MSGSEND = YES;
				GCC_C_LANGUAGE_STANDARD = gnu99;
				GCC_NO_COMMON_BLOCKS = YES;
				GCC_WARN_64_TO_32_BIT_CONVERSION = YES;
				GCC_WARN_ABOUT_RETURN_TYPE = YES_ERROR;
				GCC_WARN_UNDECLARED_SELECTOR = YES;
				GCC_WARN_UNINITIALIZED_AUTOS = YES_AGGRESSIVE;
				GCC_WARN_UNUSED_FUNCTION = YES;
				GCC_WARN_UNUSED_VARIABLE = YES;
				IPHONEOS_DEPLOYMENT_TARGET = 8.0;
				MTL_ENABLE_DEBUG_INFO = NO;
				SDKROOT = iphoneos;
				SWIFT_OBJC_BRIDGING_HEADER = "";
				TARGETED_DEVICE_FAMILY = "1,2";
				VALIDATE_PRODUCT = YES;
			};
			name = Release;
		};
		598AC8F11D850AE6006842C8 /* Debug */ = {
			isa = XCBuildConfiguration;
			buildSettings = {
				ASSETCATALOG_COMPILER_APPICON_NAME = AppIcon;
				CODE_SIGN_IDENTITY = "iPhone Developer";
				"CODE_SIGN_IDENTITY[sdk=iphoneos*]" = "iPhone Developer";
				INFOPLIST_FILE = FireEmergency/Info.plist;
				IPHONEOS_DEPLOYMENT_TARGET = 8.0;
				LD_RUNPATH_SEARCH_PATHS = "$(inherited) @executable_path/Frameworks";
				PRODUCT_BUNDLE_IDENTIFIER = com.tadakazu1972.FireEmergency;
				PRODUCT_NAME = "$(TARGET_NAME)";
				PROVISIONING_PROFILE = "";
				SWIFT_OBJC_BRIDGING_HEADER = "";
			};
			name = Debug;
		};
		598AC8F21D850AE6006842C8 /* Release */ = {
			isa = XCBuildConfiguration;
			buildSettings = {
				ASSETCATALOG_COMPILER_APPICON_NAME = AppIcon;
				CODE_SIGN_IDENTITY = "iPhone Developer";
				"CODE_SIGN_IDENTITY[sdk=iphoneos*]" = "iPhone Developer";
				INFOPLIST_FILE = FireEmergency/Info.plist;
				IPHONEOS_DEPLOYMENT_TARGET = 8.0;
				LD_RUNPATH_SEARCH_PATHS = "$(inherited) @executable_path/Frameworks";
				PRODUCT_BUNDLE_IDENTIFIER = com.tadakazu1972.FireEmergency;
				PRODUCT_NAME = "$(TARGET_NAME)";
				PROVISIONING_PROFILE = "";
				SWIFT_OBJC_BRIDGING_HEADER = "";
			};
			name = Release;
		};
/* End XCBuildConfiguration section */

/* Begin XCConfigurationList section */
		598AC8D61D850AE6006842C8 /* Build configuration list for PBXProject "FireEmergency" */ = {
			isa = XCConfigurationList;
			buildConfigurations = (
				598AC8EE1D850AE6006842C8 /* Debug */,
				598AC8EF1D850AE6006842C8 /* Release */,
			);
			defaultConfigurationIsVisible = 0;
			defaultConfigurationName = Release;
		};
		598AC8F01D850AE6006842C8 /* Build configuration list for PBXNativeTarget "FireEmergency" */ = {
			isa = XCConfigurationList;
			buildConfigurations = (
				598AC8F11D850AE6006842C8 /* Debug */,
				598AC8F21D850AE6006842C8 /* Release */,
			);
			defaultConfigurationIsVisible = 0;
			defaultConfigurationName = Release;
		};
/* End XCConfigurationList section */

/* Begin XCVersionGroup section */
		598AC8E51D850AE6006842C8 /* FireEmergency.xcdatamodeld */ = {
			isa = XCVersionGroup;
			children = (
				598AC8E61D850AE6006842C8 /* FireEmergency.xcdatamodel */,
			);
			currentVersion = 598AC8E61D850AE6006842C8 /* FireEmergency.xcdatamodel */;
			path = FireEmergency.xcdatamodeld;
			sourceTree = "<group>";
			versionGroupType = wrapper.xcdatamodel;
		};
/* End XCVersionGroup section */
	};
	rootObject = 598AC8D31D850AE6006842C8 /* Project object */;
}
