// !$*UTF8*$!
{
	archiveVersion = 1;
	classes = {
	};
	objectVersion = 46;
	objects = {

/* Begin PBXBuildFile section */
		590157681E38CC6800928154 /* ContactCell1.swift in Sources */ = {isa = PBXBuildFile; fileRef = 590157671E38CC6800928154 /* ContactCell1.swift */; };
		594DDA491D9747110078EE72 /* caution.txt in Resources */ = {isa = PBXBuildFile; fileRef = 594DDA481D9747110078EE72 /* caution.txt */; };
		594DDA4B1D9F50D40078EE72 /* InfoDialog.swift in Sources */ = {isa = PBXBuildFile; fileRef = 594DDA4A1D9F50D40078EE72 /* InfoDialog.swift */; };
		5953613A1E7FBEF400551A0E /* ContactPassInputDialog.swift in Sources */ = {isa = PBXBuildFile; fileRef = 595361391E7FBEF400551A0E /* ContactPassInputDialog.swift */; };
		5960E60D1E45F8D000D1917A /* FMDatabase.m in Sources */ = {isa = PBXBuildFile; fileRef = 5960E6021E45F8D000D1917A /* FMDatabase.m */; };
		5960E60E1E45F8D000D1917A /* FMDatabaseAdditions.m in Sources */ = {isa = PBXBuildFile; fileRef = 5960E6041E45F8D000D1917A /* FMDatabaseAdditions.m */; };
		5960E60F1E45F8D000D1917A /* FMDatabasePool.m in Sources */ = {isa = PBXBuildFile; fileRef = 5960E6061E45F8D000D1917A /* FMDatabasePool.m */; };
		5960E6101E45F8D000D1917A /* FMDatabaseQueue.m in Sources */ = {isa = PBXBuildFile; fileRef = 5960E6081E45F8D000D1917A /* FMDatabaseQueue.m */; };
		5960E6111E45F8D000D1917A /* FMResultSet.m in Sources */ = {isa = PBXBuildFile; fileRef = 5960E60B1E45F8D000D1917A /* FMResultSet.m */; };
		5960E6121E45F8D000D1917A /* Info.plist in Resources */ = {isa = PBXBuildFile; fileRef = 5960E60C1E45F8D000D1917A /* Info.plist */; };
		5960E6141E45FB4200D1917A /* libsqlite3.tbd in Frameworks */ = {isa = PBXBuildFile; fileRef = 5960E6131E45FB4200D1917A /* libsqlite3.tbd */; };
		5960EB781E46C52900D1917A /* DBHelper.swift in Sources */ = {isa = PBXBuildFile; fileRef = 5960EB771E46C52900D1917A /* DBHelper.swift */; };
		5960EB7A1E46C7BD00D1917A /* StringExtensions.swift in Sources */ = {isa = PBXBuildFile; fileRef = 5960EB791E46C7BD00D1917A /* StringExtensions.swift */; };
		5960EB7C1E47443500D1917A /* ContactLoadDialog2.swift in Sources */ = {isa = PBXBuildFile; fileRef = 5960EB7B1E47443500D1917A /* ContactLoadDialog2.swift */; };
		597FD1161E2113E50011ABB1 /* ViewController.swift in Sources */ = {isa = PBXBuildFile; fileRef = 597FD1151E2113E50011ABB1 /* ViewController.swift */; };
		597FD1201E2A7AAA0011ABB1 /* CustomUICollectionViewCell.swift in Sources */ = {isa = PBXBuildFile; fileRef = 597FD11F1E2A7AAA0011ABB1 /* CustomUICollectionViewCell.swift */; };
		597FD1241E2B210C0011ABB1 /* riku7.csv in Resources */ = {isa = PBXBuildFile; fileRef = 597FD1231E2B210C0011ABB1 /* riku7.csv */; };
		597FD1461E2F053F0011ABB1 /* BousainetDialog.swift in Sources */ = {isa = PBXBuildFile; fileRef = 597FD1451E2F053F0011ABB1 /* BousainetDialog.swift */; };
		597FD1481E33218B0011ABB1 /* ContactViewController.swift in Sources */ = {isa = PBXBuildFile; fileRef = 597FD1471E33218B0011ABB1 /* ContactViewController.swift */; };
		597FD14A1E3329E00011ABB1 /* ContactLoadDialog.swift in Sources */ = {isa = PBXBuildFile; fileRef = 597FD1491E3329E00011ABB1 /* ContactLoadDialog.swift */; };
		598AC8DF1D850AE6006842C8 /* AppDelegate.swift in Sources */ = {isa = PBXBuildFile; fileRef = 598AC8DE1D850AE6006842C8 /* AppDelegate.swift */; };
		598AC8E41D850AE6006842C8 /* Main.storyboard in Resources */ = {isa = PBXBuildFile; fileRef = 598AC8E21D850AE6006842C8 /* Main.storyboard */; };
		598AC8E71D850AE6006842C8 /* FireEmergency.xcdatamodeld in Sources */ = {isa = PBXBuildFile; fileRef = 598AC8E51D850AE6006842C8 /* FireEmergency.xcdatamodeld */; };
		598AC8E91D850AE6006842C8 /* Assets.xcassets in Resources */ = {isa = PBXBuildFile; fileRef = 598AC8E81D850AE6006842C8 /* Assets.xcassets */; };
		598AC8EC1D850AE6006842C8 /* LaunchScreen.storyboard in Resources */ = {isa = PBXBuildFile; fileRef = 598AC8EA1D850AE6006842C8 /* LaunchScreen.storyboard */; };
		59B7FC8E1E3AC07E002D4392 /* MessageUI.framework in Frameworks */ = {isa = PBXBuildFile; fileRef = 59B7FC8D1E3AC07E002D4392 /* MessageUI.framework */; };
		59B7FC901E3CF106002D4392 /* MailViewController.swift in Sources */ = {isa = PBXBuildFile; fileRef = 59B7FC8F1E3CF106002D4392 /* MailViewController.swift */; };
		59D8AEDD1E53452600A3EDE2 /* ContactDeleteDialog.swift in Sources */ = {isa = PBXBuildFile; fileRef = 59D8AEDC1E53452600A3EDE2 /* ContactDeleteDialog.swift */; };
		59D8AEDF1E59224700A3EDE2 /* ContactNewViewController.swift in Sources */ = {isa = PBXBuildFile; fileRef = 59D8AEDE1E59224700A3EDE2 /* ContactNewViewController.swift */; };
		59D8AEE11E59AF5F00A3EDE2 /* ContactUpdateSelectDialog.swift in Sources */ = {isa = PBXBuildFile; fileRef = 59D8AEE01E59AF5F00A3EDE2 /* ContactUpdateSelectDialog.swift */; };
		59D8AEE31E59B64A00A3EDE2 /* ContactUpdateViewController.swift in Sources */ = {isa = PBXBuildFile; fileRef = 59D8AEE21E59B64A00A3EDE2 /* ContactUpdateViewController.swift */; };
		59D8AEF31E6126C200A3EDE2 /* ContactCellCheckbox.swift in Sources */ = {isa = PBXBuildFile; fileRef = 59D8AEF21E6126C200A3EDE2 /* ContactCellCheckbox.swift */; };
		59D8AEF61E6131C800A3EDE2 /* ic_check_box_outline_blank.png in Resources */ = {isa = PBXBuildFile; fileRef = 59D8AEF41E6131C800A3EDE2 /* ic_check_box_outline_blank.png */; };
		59D8AEF71E6131C800A3EDE2 /* ic_check_box.png in Resources */ = {isa = PBXBuildFile; fileRef = 59D8AEF51E6131C800A3EDE2 /* ic_check_box.png */; };
		59D8AEF91E61A16300A3EDE2 /* ContactImportCSVDialog.swift in Sources */ = {isa = PBXBuildFile; fileRef = 59D8AEF81E61A16300A3EDE2 /* ContactImportCSVDialog.swift */; };
/* End PBXBuildFile section */

/* Begin PBXFileReference section */
		590157671E38CC6800928154 /* ContactCell1.swift */ = {isa = PBXFileReference; fileEncoding = 4; lastKnownFileType = sourcecode.swift; path = ContactCell1.swift; sourceTree = "<group>"; };
		594DDA481D9747110078EE72 /* caution.txt */ = {isa = PBXFileReference; fileEncoding = 4; lastKnownFileType = text; path = caution.txt; sourceTree = "<group>"; };
		594DDA4A1D9F50D40078EE72 /* InfoDialog.swift */ = {isa = PBXFileReference; fileEncoding = 4; lastKnownFileType = sourcecode.swift; path = InfoDialog.swift; sourceTree = "<group>"; };
		595361391E7FBEF400551A0E /* ContactPassInputDialog.swift */ = {isa = PBXFileReference; fileEncoding = 4; lastKnownFileType = sourcecode.swift; path = ContactPassInputDialog.swift; sourceTree = "<group>"; };
		5960E6011E45F8D000D1917A /* FMDatabase.h */ = {isa = PBXFileReference; fileEncoding = 4; lastKnownFileType = sourcecode.c.h; path = FMDatabase.h; sourceTree = "<group>"; };
		5960E6021E45F8D000D1917A /* FMDatabase.m */ = {isa = PBXFileReference; fileEncoding = 4; lastKnownFileType = sourcecode.c.objc; path = FMDatabase.m; sourceTree = "<group>"; };
		5960E6031E45F8D000D1917A /* FMDatabaseAdditions.h */ = {isa = PBXFileReference; fileEncoding = 4; lastKnownFileType = sourcecode.c.h; path = FMDatabaseAdditions.h; sourceTree = "<group>"; };
		5960E6041E45F8D000D1917A /* FMDatabaseAdditions.m */ = {isa = PBXFileReference; fileEncoding = 4; lastKnownFileType = sourcecode.c.objc; path = FMDatabaseAdditions.m; sourceTree = "<group>"; };
		5960E6051E45F8D000D1917A /* FMDatabasePool.h */ = {isa = PBXFileReference; fileEncoding = 4; lastKnownFileType = sourcecode.c.h; path = FMDatabasePool.h; sourceTree = "<group>"; };
		5960E6061E45F8D000D1917A /* FMDatabasePool.m */ = {isa = PBXFileReference; fileEncoding = 4; lastKnownFileType = sourcecode.c.objc; path = FMDatabasePool.m; sourceTree = "<group>"; };
		5960E6071E45F8D000D1917A /* FMDatabaseQueue.h */ = {isa = PBXFileReference; fileEncoding = 4; lastKnownFileType = sourcecode.c.h; path = FMDatabaseQueue.h; sourceTree = "<group>"; };
		5960E6081E45F8D000D1917A /* FMDatabaseQueue.m */ = {isa = PBXFileReference; fileEncoding = 4; lastKnownFileType = sourcecode.c.objc; path = FMDatabaseQueue.m; sourceTree = "<group>"; };
		5960E6091E45F8D000D1917A /* FMDB.h */ = {isa = PBXFileReference; fileEncoding = 4; lastKnownFileType = sourcecode.c.h; path = FMDB.h; sourceTree = "<group>"; };
		5960E60A1E45F8D000D1917A /* FMResultSet.h */ = {isa = PBXFileReference; fileEncoding = 4; lastKnownFileType = sourcecode.c.h; path = FMResultSet.h; sourceTree = "<group>"; };
		5960E60B1E45F8D000D1917A /* FMResultSet.m */ = {isa = PBXFileReference; fileEncoding = 4; lastKnownFileType = sourcecode.c.objc; path = FMResultSet.m; sourceTree = "<group>"; };
		5960E60C1E45F8D000D1917A /* Info.plist */ = {isa = PBXFileReference; fileEncoding = 4; lastKnownFileType = text.plist.xml; path = Info.plist; sourceTree = "<group>"; };
		5960E6131E45FB4200D1917A /* libsqlite3.tbd */ = {isa = PBXFileReference; lastKnownFileType = "sourcecode.text-based-dylib-definition"; name = libsqlite3.tbd; path = usr/lib/libsqlite3.tbd; sourceTree = SDKROOT; };
		5960EB761E46BF1000D1917A /* Bridging-Header.h */ = {isa = PBXFileReference; lastKnownFileType = sourcecode.c.h; path = "Bridging-Header.h"; sourceTree = "<group>"; };
		5960EB771E46C52900D1917A /* DBHelper.swift */ = {isa = PBXFileReference; fileEncoding = 4; lastKnownFileType = sourcecode.swift; path = DBHelper.swift; sourceTree = "<group>"; };
		5960EB791E46C7BD00D1917A /* StringExtensions.swift */ = {isa = PBXFileReference; fileEncoding = 4; lastKnownFileType = sourcecode.swift; path = StringExtensions.swift; sourceTree = "<group>"; };
		5960EB7B1E47443500D1917A /* ContactLoadDialog2.swift */ = {isa = PBXFileReference; fileEncoding = 4; lastKnownFileType = sourcecode.swift; path = ContactLoadDialog2.swift; sourceTree = "<group>"; };
		597FD1151E2113E50011ABB1 /* ViewController.swift */ = {isa = PBXFileReference; fileEncoding = 4; lastKnownFileType = sourcecode.swift; path = ViewController.swift; sourceTree = "<group>"; };
		597FD11F1E2A7AAA0011ABB1 /* CustomUICollectionViewCell.swift */ = {isa = PBXFileReference; fileEncoding = 4; lastKnownFileType = sourcecode.swift; path = CustomUICollectionViewCell.swift; sourceTree = "<group>"; };
		597FD1231E2B210C0011ABB1 /* riku7.csv */ = {isa = PBXFileReference; fileEncoding = 4; lastKnownFileType = text; path = riku7.csv; sourceTree = "<group>"; };
		597FD1451E2F053F0011ABB1 /* BousainetDialog.swift */ = {isa = PBXFileReference; fileEncoding = 4; lastKnownFileType = sourcecode.swift; path = BousainetDialog.swift; sourceTree = "<group>"; };
		597FD1471E33218B0011ABB1 /* ContactViewController.swift */ = {isa = PBXFileReference; fileEncoding = 4; lastKnownFileType = sourcecode.swift; path = ContactViewController.swift; sourceTree = "<group>"; };
		597FD1491E3329E00011ABB1 /* ContactLoadDialog.swift */ = {isa = PBXFileReference; fileEncoding = 4; lastKnownFileType = sourcecode.swift; path = ContactLoadDialog.swift; sourceTree = "<group>"; };
		598AC8DB1D850AE6006842C8 /* FireEmergency.app */ = {isa = PBXFileReference; explicitFileType = wrapper.application; includeInIndex = 0; path = FireEmergency.app; sourceTree = BUILT_PRODUCTS_DIR; };
		598AC8DE1D850AE6006842C8 /* AppDelegate.swift */ = {isa = PBXFileReference; lastKnownFileType = sourcecode.swift; path = AppDelegate.swift; sourceTree = "<group>"; };
		598AC8E31D850AE6006842C8 /* Base */ = {isa = PBXFileReference; lastKnownFileType = file.storyboard; name = Base; path = Base.lproj/Main.storyboard; sourceTree = "<group>"; };
		598AC8E61D850AE6006842C8 /* FireEmergency.xcdatamodel */ = {isa = PBXFileReference; lastKnownFileType = wrapper.xcdatamodel; path = FireEmergency.xcdatamodel; sourceTree = "<group>"; };
		598AC8E81D850AE6006842C8 /* Assets.xcassets */ = {isa = PBXFileReference; lastKnownFileType = folder.assetcatalog; path = Assets.xcassets; sourceTree = "<group>"; };
		598AC8EB1D850AE6006842C8 /* Base */ = {isa = PBXFileReference; lastKnownFileType = file.storyboard; name = Base; path = Base.lproj/LaunchScreen.storyboard; sourceTree = "<group>"; };
		598AC8ED1D850AE6006842C8 /* Info.plist */ = {isa = PBXFileReference; lastKnownFileType = text.plist.xml; path = Info.plist; sourceTree = "<group>"; };
		59B7FC8D1E3AC07E002D4392 /* MessageUI.framework */ = {isa = PBXFileReference; lastKnownFileType = wrapper.framework; name = MessageUI.framework; path = System/Library/Frameworks/MessageUI.framework; sourceTree = SDKROOT; };
		59B7FC8F1E3CF106002D4392 /* MailViewController.swift */ = {isa = PBXFileReference; fileEncoding = 4; lastKnownFileType = sourcecode.swift; path = MailViewController.swift; sourceTree = "<group>"; };
		59D8AEDC1E53452600A3EDE2 /* ContactDeleteDialog.swift */ = {isa = PBXFileReference; fileEncoding = 4; lastKnownFileType = sourcecode.swift; path = ContactDeleteDialog.swift; sourceTree = "<group>"; };
		59D8AEDE1E59224700A3EDE2 /* ContactNewViewController.swift */ = {isa = PBXFileReference; fileEncoding = 4; lastKnownFileType = sourcecode.swift; path = ContactNewViewController.swift; sourceTree = "<group>"; };
		59D8AEE01E59AF5F00A3EDE2 /* ContactUpdateSelectDialog.swift */ = {isa = PBXFileReference; fileEncoding = 4; lastKnownFileType = sourcecode.swift; path = ContactUpdateSelectDialog.swift; sourceTree = "<group>"; };
		59D8AEE21E59B64A00A3EDE2 /* ContactUpdateViewController.swift */ = {isa = PBXFileReference; fileEncoding = 4; lastKnownFileType = sourcecode.swift; path = ContactUpdateViewController.swift; sourceTree = "<group>"; };
		59D8AEF21E6126C200A3EDE2 /* ContactCellCheckbox.swift */ = {isa = PBXFileReference; fileEncoding = 4; lastKnownFileType = sourcecode.swift; path = ContactCellCheckbox.swift; sourceTree = "<group>"; };
		59D8AEF41E6131C800A3EDE2 /* ic_check_box_outline_blank.png */ = {isa = PBXFileReference; lastKnownFileType = image.png; path = ic_check_box_outline_blank.png; sourceTree = "<group>"; };
		59D8AEF51E6131C800A3EDE2 /* ic_check_box.png */ = {isa = PBXFileReference; lastKnownFileType = image.png; path = ic_check_box.png; sourceTree = "<group>"; };
		59D8AEF81E61A16300A3EDE2 /* ContactImportCSVDialog.swift */ = {isa = PBXFileReference; fileEncoding = 4; lastKnownFileType = sourcecode.swift; path = ContactImportCSVDialog.swift; sourceTree = "<group>"; };
/* End PBXFileReference section */

/* Begin PBXFrameworksBuildPhase section */
		598AC8D81D850AE6006842C8 /* Frameworks */ = {
			isa = PBXFrameworksBuildPhase;
			buildActionMask = 2147483647;
			files = (
				5960E6141E45FB4200D1917A /* libsqlite3.tbd in Frameworks */,
				59B7FC8E1E3AC07E002D4392 /* MessageUI.framework in Frameworks */,
			);
			runOnlyForDeploymentPostprocessing = 0;
		};
/* End PBXFrameworksBuildPhase section */

/* Begin PBXGroup section */
		5960E6001E45F8D000D1917A /* fmdb */ = {
			isa = PBXGroup;
			children = (
				5960E6011E45F8D000D1917A /* FMDatabase.h */,
				5960E6021E45F8D000D1917A /* FMDatabase.m */,
				5960E6031E45F8D000D1917A /* FMDatabaseAdditions.h */,
				5960E6041E45F8D000D1917A /* FMDatabaseAdditions.m */,
				5960E6051E45F8D000D1917A /* FMDatabasePool.h */,
				5960E6061E45F8D000D1917A /* FMDatabasePool.m */,
				5960E6071E45F8D000D1917A /* FMDatabaseQueue.h */,
				5960E6081E45F8D000D1917A /* FMDatabaseQueue.m */,
				5960E6091E45F8D000D1917A /* FMDB.h */,
				5960E60A1E45F8D000D1917A /* FMResultSet.h */,
				5960E60B1E45F8D000D1917A /* FMResultSet.m */,
				5960E60C1E45F8D000D1917A /* Info.plist */,
			);
			name = fmdb;
			path = ../fmdb;
			sourceTree = "<group>";
		};
		598AC8D21D850AE6006842C8 = {
			isa = PBXGroup;
			children = (
				598AC8DD1D850AE6006842C8 /* FireEmergency */,
				598AC8DC1D850AE6006842C8 /* Products */,
				59B7FC8C1E3AC07E002D4392 /* Frameworks */,
			);
			sourceTree = "<group>";
		};
		598AC8DC1D850AE6006842C8 /* Products */ = {
			isa = PBXGroup;
			children = (
				598AC8DB1D850AE6006842C8 /* FireEmergency.app */,
			);
			name = Products;
			sourceTree = "<group>";
		};
		598AC8DD1D850AE6006842C8 /* FireEmergency */ = {
			isa = PBXGroup;
			children = (
				59D8AEF41E6131C800A3EDE2 /* ic_check_box_outline_blank.png */,
				59D8AEF51E6131C800A3EDE2 /* ic_check_box.png */,
				597FD1231E2B210C0011ABB1 /* riku7.csv */,
				594DDA481D9747110078EE72 /* caution.txt */,
				598AC8DE1D850AE6006842C8 /* AppDelegate.swift */,
				597FD1151E2113E50011ABB1 /* ViewController.swift */,
				597FD11F1E2A7AAA0011ABB1 /* CustomUICollectionViewCell.swift */,
				597FD1471E33218B0011ABB1 /* ContactViewController.swift */,
				597FD1491E3329E00011ABB1 /* ContactLoadDialog.swift */,
				5960EB7B1E47443500D1917A /* ContactLoadDialog2.swift */,
				59D8AEDE1E59224700A3EDE2 /* ContactNewViewController.swift */,
				59D8AEE01E59AF5F00A3EDE2 /* ContactUpdateSelectDialog.swift */,
				59D8AEE21E59B64A00A3EDE2 /* ContactUpdateViewController.swift */,
				59D8AEDC1E53452600A3EDE2 /* ContactDeleteDialog.swift */,
				59D8AEF81E61A16300A3EDE2 /* ContactImportCSVDialog.swift */,
				590157671E38CC6800928154 /* ContactCell1.swift */,
				59D8AEF21E6126C200A3EDE2 /* ContactCellCheckbox.swift */,
				595361391E7FBEF400551A0E /* ContactPassInputDialog.swift */,
				59B7FC8F1E3CF106002D4392 /* MailViewController.swift */,
				5960EB791E46C7BD00D1917A /* StringExtensions.swift */,
				5960EB771E46C52900D1917A /* DBHelper.swift */,
				594DDA4A1D9F50D40078EE72 /* InfoDialog.swift */,
				597FD1451E2F053F0011ABB1 /* BousainetDialog.swift */,
				598AC8E21D850AE6006842C8 /* Main.storyboard */,
				598AC8E81D850AE6006842C8 /* Assets.xcassets */,
				598AC8EA1D850AE6006842C8 /* LaunchScreen.storyboard */,
				598AC8ED1D850AE6006842C8 /* Info.plist */,
				598AC8E51D850AE6006842C8 /* FireEmergency.xcdatamodeld */,
				5960EB761E46BF1000D1917A /* Bridging-Header.h */,
				5960E6001E45F8D000D1917A /* fmdb */,
			);
			path = FireEmergency;
			sourceTree = "<group>";
		};
		59B7FC8C1E3AC07E002D4392 /* Frameworks */ = {
			isa = PBXGroup;
			children = (
				5960E6131E45FB4200D1917A /* libsqlite3.tbd */,
				59B7FC8D1E3AC07E002D4392 /* MessageUI.framework */,
			);
			name = Frameworks;
			sourceTree = "<group>";
		};
/* End PBXGroup section */

/* Begin PBXNativeTarget section */
		598AC8DA1D850AE6006842C8 /* FireEmergency */ = {
			isa = PBXNativeTarget;
			buildConfigurationList = 598AC8F01D850AE6006842C8 /* Build configuration list for PBXNativeTarget "FireEmergency" */;
			buildPhases = (
				598AC8D71D850AE6006842C8 /* Sources */,
				598AC8D81D850AE6006842C8 /* Frameworks */,
				598AC8D91D850AE6006842C8 /* Resources */,
			);
			buildRules = (
			);
			dependencies = (
			);
			name = FireEmergency;
			productName = FireEmergency;
			productReference = 598AC8DB1D850AE6006842C8 /* FireEmergency.app */;
			productType = "com.apple.product-type.application";
		};
/* End PBXNativeTarget section */

/* Begin PBXProject section */
		598AC8D31D850AE6006842C8 /* Project object */ = {
			isa = PBXProject;
			attributes = {
				LastSwiftUpdateCheck = 0730;
				LastUpgradeCheck = 0730;
				ORGANIZATIONNAME = "tadakazu nakamichi";
				TargetAttributes = {
					598AC8DA1D850AE6006842C8 = {
						CreatedOnToolsVersion = 7.3;
						DevelopmentTeam = XSUE867SN9;
						LastSwiftMigration = 0830;
					};
				};
			};
			buildConfigurationList = 598AC8D61D850AE6006842C8 /* Build configuration list for PBXProject "FireEmergency" */;
			compatibilityVersion = "Xcode 3.2";
			developmentRegion = English;
			hasScannedForEncodings = 0;
			knownRegions = (
				en,
				Base,
			);
			mainGroup = 598AC8D21D850AE6006842C8;
			productRefGroup = 598AC8DC1D850AE6006842C8 /* Products */;
			projectDirPath = "";
			projectRoot = "";
			targets = (
				598AC8DA1D850AE6006842C8 /* FireEmergency */,
			);
		};
/* End PBXProject section */

/* Begin PBXResourcesBuildPhase section */
		598AC8D91D850AE6006842C8 /* Resources */ = {
			isa = PBXResourcesBuildPhase;
			buildActionMask = 2147483647;
			files = (
				594DDA491D9747110078EE72 /* caution.txt in Resources */,
				598AC8EC1D850AE6006842C8 /* LaunchScreen.storyboard in Resources */,
				598AC8E91D850AE6006842C8 /* Assets.xcassets in Resources */,
				598AC8E41D850AE6006842C8 /* Main.storyboard in Resources */,
				5960E6121E45F8D000D1917A /* Info.plist in Resources */,
				59D8AEF71E6131C800A3EDE2 /* ic_check_box.png in Resources */,
				597FD1241E2B210C0011ABB1 /* riku7.csv in Resources */,
				59D8AEF61E6131C800A3EDE2 /* ic_check_box_outline_blank.png in Resources */,
			);
			runOnlyForDeploymentPostprocessing = 0;
		};
/* End PBXResourcesBuildPhase section */

/* Begin PBXSourcesBuildPhase section */
		598AC8D71D850AE6006842C8 /* Sources */ = {
			isa = PBXSourcesBuildPhase;
			buildActionMask = 2147483647;
			files = (
				594DDA4B1D9F50D40078EE72 /* InfoDialog.swift in Sources */,
				597FD1201E2A7AAA0011ABB1 /* CustomUICollectionViewCell.swift in Sources */,
				5960E60F1E45F8D000D1917A /* FMDatabasePool.m in Sources */,
				5960E6101E45F8D000D1917A /* FMDatabaseQueue.m in Sources */,
				5960EB7A1E46C7BD00D1917A /* StringExtensions.swift in Sources */,
				5953613A1E7FBEF400551A0E /* ContactPassInputDialog.swift in Sources */,
				59D8AEF31E6126C200A3EDE2 /* ContactCellCheckbox.swift in Sources */,
				59D8AEDF1E59224700A3EDE2 /* ContactNewViewController.swift in Sources */,
				597FD1461E2F053F0011ABB1 /* BousainetDialog.swift in Sources */,
				59D8AEDD1E53452600A3EDE2 /* ContactDeleteDialog.swift in Sources */,
				5960E6111E45F8D000D1917A /* FMResultSet.m in Sources */,
				5960EB7C1E47443500D1917A /* ContactLoadDialog2.swift in Sources */,
				59B7FC901E3CF106002D4392 /* MailViewController.swift in Sources */,
				59D8AEE11E59AF5F00A3EDE2 /* ContactUpdateSelectDialog.swift in Sources */,
				5960EB781E46C52900D1917A /* DBHelper.swift in Sources */,
				59D8AEF91E61A16300A3EDE2 /* ContactImportCSVDialog.swift in Sources */,
				5960E60D1E45F8D000D1917A /* FMDatabase.m in Sources */,
				597FD14A1E3329E00011ABB1 /* ContactLoadDialog.swift in Sources */,
				597FD1481E33218B0011ABB1 /* ContactViewController.swift in Sources */,
				598AC8DF1D850AE6006842C8 /* AppDelegate.swift in Sources */,
				5960E60E1E45F8D000D1917A /* FMDatabaseAdditions.m in Sources */,
				590157681E38CC6800928154 /* ContactCell1.swift in Sources */,
				597FD1161E2113E50011ABB1 /* ViewController.swift in Sources */,
				59D8AEE31E59B64A00A3EDE2 /* ContactUpdateViewController.swift in Sources */,
				598AC8E71D850AE6006842C8 /* FireEmergency.xcdatamodeld in Sources */,
			);
			runOnlyForDeploymentPostprocessing = 0;
		};
/* End PBXSourcesBuildPhase section */

/* Begin PBXVariantGroup section */
		598AC8E21D850AE6006842C8 /* Main.storyboard */ = {
			isa = PBXVariantGroup;
			children = (
				598AC8E31D850AE6006842C8 /* Base */,
			);
			name = Main.storyboard;
			sourceTree = "<group>";
		};
		598AC8EA1D850AE6006842C8 /* LaunchScreen.storyboard */ = {
			isa = PBXVariantGroup;
			children = (
				598AC8EB1D850AE6006842C8 /* Base */,
			);
			name = LaunchScreen.storyboard;
			sourceTree = "<group>";
		};
/* End PBXVariantGroup section */

/* Begin XCBuildConfiguration section */
		598AC8EE1D850AE6006842C8 /* Debug */ = {
			isa = XCBuildConfiguration;
			buildSettings = {
				ALWAYS_SEARCH_USER_PATHS = NO;
				CLANG_ANALYZER_NONNULL = YES;
				CLANG_CXX_LANGUAGE_STANDARD = "gnu++0x";
				CLANG_CXX_LIBRARY = "libc++";
				CLANG_ENABLE_MODULES = YES;
				CLANG_ENABLE_OBJC_ARC = YES;
				CLANG_WARN_BOOL_CONVERSION = YES;
				CLANG_WARN_CONSTANT_CONVERSION = YES;
				CLANG_WARN_DIRECT_OBJC_ISA_USAGE = YES_ERROR;
				CLANG_WARN_EMPTY_BODY = YES;
				CLANG_WARN_ENUM_CONVERSION = YES;
				CLANG_WARN_INT_CONVERSION = YES;
				CLANG_WARN_OBJC_ROOT_CLASS = YES_ERROR;
				CLANG_WARN_UNREACHABLE_CODE = YES;
				CLANG_WARN__DUPLICATE_METHOD_MATCH = YES;
				CODE_SIGN_IDENTITY = "iPhone Developer";
				"CODE_SIGN_IDENTITY[sdk=iphoneos*]" = "iPhone Developer";
				COPY_PHASE_STRIP = NO;
				DEBUG_INFORMATION_FORMAT = dwarf;
				ENABLE_STRICT_OBJC_MSGSEND = YES;
				ENABLE_TESTABILITY = YES;
				GCC_C_LANGUAGE_STANDARD = gnu99;
				GCC_DYNAMIC_NO_PIC = NO;
				GCC_NO_COMMON_BLOCKS = YES;
				GCC_OPTIMIZATION_LEVEL = 0;
				GCC_PREPROCESSOR_DEFINITIONS = (
					"DEBUG=1",
					"$(inherited)",
				);
				GCC_WARN_64_TO_32_BIT_CONVERSION = YES;
				GCC_WARN_ABOUT_RETURN_TYPE = YES_ERROR;
				GCC_WARN_UNDECLARED_SELECTOR = YES;
				GCC_WARN_UNINITIALIZED_AUTOS = YES_AGGRESSIVE;
				GCC_WARN_UNUSED_FUNCTION = YES;
				GCC_WARN_UNUSED_VARIABLE = YES;
				IPHONEOS_DEPLOYMENT_TARGET = 8.0;
				MTL_ENABLE_DEBUG_INFO = YES;
				ONLY_ACTIVE_ARCH = YES;
				SDKROOT = iphoneos;
				SWIFT_OBJC_BRIDGING_HEADER = "$(SRCROOT)/$(PROJECT)/Bridging-Header.h";
				SWIFT_OPTIMIZATION_LEVEL = "-Onone";
				SWIFT_VERSION = 2.3;
				TARGETED_DEVICE_FAMILY = "1,2";
			};
			name = Debug;
		};
		598AC8EF1D850AE6006842C8 /* Release */ = {
			isa = XCBuildConfiguration;
			buildSettings = {
				ALWAYS_SEARCH_USER_PATHS = NO;
				CLANG_ANALYZER_NONNULL = YES;
				CLANG_CXX_LANGUAGE_STANDARD = "gnu++0x";
				CLANG_CXX_LIBRARY = "libc++";
				CLANG_ENABLE_MODULES = YES;
				CLANG_ENABLE_OBJC_ARC = YES;
				CLANG_WARN_BOOL_CONVERSION = YES;
				CLANG_WARN_CONSTANT_CONVERSION = YES;
				CLANG_WARN_DIRECT_OBJC_ISA_USAGE = YES_ERROR;
				CLANG_WARN_EMPTY_BODY = YES;
				CLANG_WARN_ENUM_CONVERSION = YES;
				CLANG_WARN_INT_CONVERSION = YES;
				CLANG_WARN_OBJC_ROOT_CLASS = YES_ERROR;
				CLANG_WARN_UNREACHABLE_CODE = YES;
				CLANG_WARN__DUPLICATE_METHOD_MATCH = YES;
				CODE_SIGN_IDENTITY = "iPhone Developer";
				"CODE_SIGN_IDENTITY[sdk=iphoneos*]" = "iPhone Developer";
				COPY_PHASE_STRIP = NO;
				DEBUG_INFORMATION_FORMAT = "dwarf-with-dsym";
				ENABLE_NS_ASSERTIONS = NO;
				ENABLE_STRICT_OBJC_MSGSEND = YES;
				GCC_C_LANGUAGE_STANDARD = gnu99;
				GCC_NO_COMMON_BLOCKS = YES;
				GCC_WARN_64_TO_32_BIT_CONVERSION = YES;
				GCC_WARN_ABOUT_RETURN_TYPE = YES_ERROR;
				GCC_WARN_UNDECLARED_SELECTOR = YES;
				GCC_WARN_UNINITIALIZED_AUTOS = YES_AGGRESSIVE;
				GCC_WARN_UNUSED_FUNCTION = YES;
				GCC_WARN_UNUSED_VARIABLE = YES;
				IPHONEOS_DEPLOYMENT_TARGET = 8.0;
				MTL_ENABLE_DEBUG_INFO = NO;
				SDKROOT = iphoneos;
				SWIFT_OBJC_BRIDGING_HEADER = "$(SRCROOT)/$(PROJECT)/Bridging-Header.h";
				SWIFT_VERSION = 2.3;
				TARGETED_DEVICE_FAMILY = "1,2";
				VALIDATE_PRODUCT = YES;
			};
			name = Release;
		};
		598AC8F11D850AE6006842C8 /* Debug */ = {
			isa = XCBuildConfiguration;
			buildSettings = {
				ASSETCATALOG_COMPILER_APPICON_NAME = AppIcon;
				CODE_SIGN_IDENTITY = "iPhone Developer";
				"CODE_SIGN_IDENTITY[sdk=iphoneos*]" = "iPhone Developer";
				DEVELOPMENT_TEAM = XSUE867SN9;
				INFOPLIST_FILE = FireEmergency/Info.plist;
				IPHONEOS_DEPLOYMENT_TARGET = 10.0;
				LD_RUNPATH_SEARCH_PATHS = "$(inherited) @executable_path/Frameworks";
				PRODUCT_BUNDLE_IDENTIFIER = com.osakacity.renrakumouICT;
				PRODUCT_NAME = "$(TARGET_NAME)";
				PROVISIONING_PROFILE = "";
				SWIFT_OBJC_BRIDGING_HEADER = "$(SRCROOT)/$(PROJECT)/Bridging-Header.h";
				SWIFT_VERSION = 3.0;
			};
			name = Debug;
		};
		598AC8F21D850AE6006842C8 /* Release */ = {
			isa = XCBuildConfiguration;
			buildSettings = {
				ASSETCATALOG_COMPILER_APPICON_NAME = AppIcon;
				CODE_SIGN_IDENTITY = "iPhone Developer";
				"CODE_SIGN_IDENTITY[sdk=iphoneos*]" = "iPhone Developer";
				DEVELOPMENT_TEAM = XSUE867SN9;
				INFOPLIST_FILE = FireEmergency/Info.plist;
				IPHONEOS_DEPLOYMENT_TARGET = 10.0;
				LD_RUNPATH_SEARCH_PATHS = "$(inherited) @executable_path/Frameworks";
				PRODUCT_BUNDLE_IDENTIFIER = com.osakacity.renrakumouICT;
				PRODUCT_NAME = "$(TARGET_NAME)";
				PROVISIONING_PROFILE = "";
				SWIFT_OBJC_BRIDGING_HEADER = "$(SRCROOT)/$(PROJECT)/Bridging-Header.h";
				SWIFT_VERSION = 3.0;
			};
			name = Release;
		};
/* End XCBuildConfiguration section */

/* Begin XCConfigurationList section */
		598AC8D61D850AE6006842C8 /* Build configuration list for PBXProject "FireEmergency" */ = {
			isa = XCConfigurationList;
			buildConfigurations = (
				598AC8EE1D850AE6006842C8 /* Debug */,
				598AC8EF1D850AE6006842C8 /* Release */,
			);
			defaultConfigurationIsVisible = 0;
			defaultConfigurationName = Release;
		};
		598AC8F01D850AE6006842C8 /* Build configuration list for PBXNativeTarget "FireEmergency" */ = {
			isa = XCConfigurationList;
			buildConfigurations = (
				598AC8F11D850AE6006842C8 /* Debug */,
				598AC8F21D850AE6006842C8 /* Release */,
			);
			defaultConfigurationIsVisible = 0;
			defaultConfigurationName = Release;
		};
/* End XCConfigurationList section */

/* Begin XCVersionGroup section */
		598AC8E51D850AE6006842C8 /* FireEmergency.xcdatamodeld */ = {
			isa = XCVersionGroup;
			children = (
				598AC8E61D850AE6006842C8 /* FireEmergency.xcdatamodel */,
			);
			currentVersion = 598AC8E61D850AE6006842C8 /* FireEmergency.xcdatamodel */;
			path = FireEmergency.xcdatamodeld;
			sourceTree = "<group>";
			versionGroupType = wrapper.xcdatamodel;
		};
/* End XCVersionGroup section */
	};
	rootObject = 598AC8D31D850AE6006842C8 /* Project object */;
}
